
Microsoft Visual Studio Solution File, Format Version 12.00
# Visual Studio Version 17
VisualStudioVersion = 17.2.32314.265
MinimumVisualStudioVersion = 10.0.40219.1
Project("{9A19103F-16F7-4668-BE54-9A1E7A4F7556}") = "BunnyMonitor", "BunnyMonitor.csproj", "{F111742D-D1A3-4D2D-ABDB-89A44822EEB4}"
EndProject
Global
	GlobalSection(SolutionConfigurationPlatforms) = preSolution
		Debug|Any CPU = Debug|Any CPU
		Release|Any CPU = Release|Any CPU
	EndGlobalSection
	GlobalSection(ProjectConfigurationPlatforms) = postSolution
		{F111742D-D1A3-4D2D-ABDB-89A44822EEB4}.Debug|Any CPU.ActiveCfg = Debug|Any CPU
		{F111742D-D1A3-4D2D-ABDB-89A44822EEB4}.Debug|Any CPU.Build.0 = Debug|Any CPU
		{F111742D-D1A3-4D2D-ABDB-89A44822EEB4}.Release|Any CPU.ActiveCfg = Release|Any CPU
		{F111742D-D1A3-4D2D-ABDB-89A44822EEB4}.Release|Any CPU.Build.0 = Release|Any CPU
	EndGlobalSection
	GlobalSection(SolutionProperties) = preSolution
		HideSolutionNode = FALSE
	EndGlobalSection
	GlobalSection(ExtensibilityGlobals) = postSolution
		SolutionGuid = {5D15C3FD-E327-4F39-ACB5-64F6DBD90D31}
	EndGlobalSection
EndGlobal
